// !$*UTF8*$!
{
	archiveVersion = 1;
	classes = {
	};
	objectVersion = 55;
	objects = {

/* Begin PBXBuildFile section */
		F22E936D621EB65C6239EED2 /* Pods_MyVideoApp.framework in Frameworks */ = {isa = PBXBuildFile; fileRef = 706AB9DFFBF60CA605581519 /* Pods_MyVideoApp.framework */; };
		F4B2F96627DB5F5700C58B2E /* AppDelegate.swift in Sources */ = {isa = PBXBuildFile; fileRef = F4B2F96527DB5F5700C58B2E /* AppDelegate.swift */; };
		F4B2F96827DB5F5700C58B2E /* SceneDelegate.swift in Sources */ = {isa = PBXBuildFile; fileRef = F4B2F96727DB5F5700C58B2E /* SceneDelegate.swift */; };
		F4B2F96A27DB5F5700C58B2E /* ViewController.swift in Sources */ = {isa = PBXBuildFile; fileRef = F4B2F96927DB5F5700C58B2E /* ViewController.swift */; };
		F4B2F96D27DB5F5700C58B2E /* Main.storyboard in Resources */ = {isa = PBXBuildFile; fileRef = F4B2F96B27DB5F5700C58B2E /* Main.storyboard */; };
		F4B2F97027DB5F5700C58B2E /* MyVideoApp.xcdatamodeld in Sources */ = {isa = PBXBuildFile; fileRef = F4B2F96E27DB5F5700C58B2E /* MyVideoApp.xcdatamodeld */; };
		F4B2F97227DB5F5900C58B2E /* Assets.xcassets in Resources */ = {isa = PBXBuildFile; fileRef = F4B2F97127DB5F5900C58B2E /* Assets.xcassets */; };
		F4B2F97527DB5F5900C58B2E /* LaunchScreen.storyboard in Resources */ = {isa = PBXBuildFile; fileRef = F4B2F97327DB5F5900C58B2E /* LaunchScreen.storyboard */; };
		F4B2F97F27DB68AB00C58B2E /* HomeViewController.swift in Sources */ = {isa = PBXBuildFile; fileRef = F4B2F97E27DB68AB00C58B2E /* HomeViewController.swift */; };
		F4B2F98227DB690C00C58B2E /* HomeViewModel.swift in Sources */ = {isa = PBXBuildFile; fileRef = F4B2F98127DB690C00C58B2E /* HomeViewModel.swift */; };
		F4B2F98527DB6B5D00C58B2E /* MoviesServicesImpl.swift in Sources */ = {isa = PBXBuildFile; fileRef = F4B2F98427DB6B5D00C58B2E /* MoviesServicesImpl.swift */; };
		F4B2F98827DB6C4700C58B2E /* UIApplicationDelegate+Loading.swift in Sources */ = {isa = PBXBuildFile; fileRef = F4B2F98727DB6C4700C58B2E /* UIApplicationDelegate+Loading.swift */; };
		F4B2F98B27DB830300C58B2E /* MovieDataModel.swift in Sources */ = {isa = PBXBuildFile; fileRef = F4B2F98A27DB830300C58B2E /* MovieDataModel.swift */; };
		F4C0D01127DBA415004E7FAE /* MovieResponseDataModel.swift in Sources */ = {isa = PBXBuildFile; fileRef = F4C0D01027DBA415004E7FAE /* MovieResponseDataModel.swift */; };
/* End PBXBuildFile section */

/* Begin PBXFileReference section */
		6328C28EED3154D5DF5593B4 /* Pods-MyVideoApp.release.xcconfig */ = {isa = PBXFileReference; includeInIndex = 1; lastKnownFileType = text.xcconfig; name = "Pods-MyVideoApp.release.xcconfig"; path = "Target Support Files/Pods-MyVideoApp/Pods-MyVideoApp.release.xcconfig"; sourceTree = "<group>"; };
		706AB9DFFBF60CA605581519 /* Pods_MyVideoApp.framework */ = {isa = PBXFileReference; explicitFileType = wrapper.framework; includeInIndex = 0; path = Pods_MyVideoApp.framework; sourceTree = BUILT_PRODUCTS_DIR; };
		750EE6C2516F903FF4741AFF /* Pods-MyVideoApp.debug.xcconfig */ = {isa = PBXFileReference; includeInIndex = 1; lastKnownFileType = text.xcconfig; name = "Pods-MyVideoApp.debug.xcconfig"; path = "Target Support Files/Pods-MyVideoApp/Pods-MyVideoApp.debug.xcconfig"; sourceTree = "<group>"; };
		F4B2F96227DB5F5700C58B2E /* MyVideoApp.app */ = {isa = PBXFileReference; explicitFileType = wrapper.application; includeInIndex = 0; path = MyVideoApp.app; sourceTree = BUILT_PRODUCTS_DIR; };
		F4B2F96527DB5F5700C58B2E /* AppDelegate.swift */ = {isa = PBXFileReference; lastKnownFileType = sourcecode.swift; path = AppDelegate.swift; sourceTree = "<group>"; };
		F4B2F96727DB5F5700C58B2E /* SceneDelegate.swift */ = {isa = PBXFileReference; lastKnownFileType = sourcecode.swift; path = SceneDelegate.swift; sourceTree = "<group>"; };
		F4B2F96927DB5F5700C58B2E /* ViewController.swift */ = {isa = PBXFileReference; lastKnownFileType = sourcecode.swift; path = ViewController.swift; sourceTree = "<group>"; };
		F4B2F96C27DB5F5700C58B2E /* Base */ = {isa = PBXFileReference; lastKnownFileType = file.storyboard; name = Base; path = Base.lproj/Main.storyboard; sourceTree = "<group>"; };
		F4B2F96F27DB5F5700C58B2E /* MyVideoApp.xcdatamodel */ = {isa = PBXFileReference; lastKnownFileType = wrapper.xcdatamodel; path = MyVideoApp.xcdatamodel; sourceTree = "<group>"; };
		F4B2F97127DB5F5900C58B2E /* Assets.xcassets */ = {isa = PBXFileReference; lastKnownFileType = folder.assetcatalog; path = Assets.xcassets; sourceTree = "<group>"; };
		F4B2F97427DB5F5900C58B2E /* Base */ = {isa = PBXFileReference; lastKnownFileType = file.storyboard; name = Base; path = Base.lproj/LaunchScreen.storyboard; sourceTree = "<group>"; };
		F4B2F97627DB5F5900C58B2E /* Info.plist */ = {isa = PBXFileReference; lastKnownFileType = text.plist.xml; path = Info.plist; sourceTree = "<group>"; };
		F4B2F97E27DB68AB00C58B2E /* HomeViewController.swift */ = {isa = PBXFileReference; lastKnownFileType = sourcecode.swift; path = HomeViewController.swift; sourceTree = "<group>"; };
		F4B2F98127DB690C00C58B2E /* HomeViewModel.swift */ = {isa = PBXFileReference; lastKnownFileType = sourcecode.swift; path = HomeViewModel.swift; sourceTree = "<group>"; };
		F4B2F98427DB6B5D00C58B2E /* MoviesServicesImpl.swift */ = {isa = PBXFileReference; lastKnownFileType = sourcecode.swift; path = MoviesServicesImpl.swift; sourceTree = "<group>"; };
		F4B2F98727DB6C4700C58B2E /* UIApplicationDelegate+Loading.swift */ = {isa = PBXFileReference; lastKnownFileType = sourcecode.swift; path = "UIApplicationDelegate+Loading.swift"; sourceTree = "<group>"; };
		F4B2F98A27DB830300C58B2E /* MovieDataModel.swift */ = {isa = PBXFileReference; lastKnownFileType = sourcecode.swift; path = MovieDataModel.swift; sourceTree = "<group>"; };
		F4C0D01027DBA415004E7FAE /* MovieResponseDataModel.swift */ = {isa = PBXFileReference; lastKnownFileType = sourcecode.swift; path = MovieResponseDataModel.swift; sourceTree = "<group>"; };
/* End PBXFileReference section */

/* Begin PBXFrameworksBuildPhase section */
		F4B2F95F27DB5F5700C58B2E /* Frameworks */ = {
			isa = PBXFrameworksBuildPhase;
			buildActionMask = 2147483647;
			files = (
				F22E936D621EB65C6239EED2 /* Pods_MyVideoApp.framework in Frameworks */,
			);
			runOnlyForDeploymentPostprocessing = 0;
		};
/* End PBXFrameworksBuildPhase section */

/* Begin PBXGroup section */
		443BB254F2A71B8AF592D581 /* Frameworks */ = {
			isa = PBXGroup;
			children = (
				706AB9DFFBF60CA605581519 /* Pods_MyVideoApp.framework */,
			);
			name = Frameworks;
			sourceTree = "<group>";
		};
		5DFD2DAF1B90DB00476FE631 /* Pods */ = {
			isa = PBXGroup;
			children = (
				750EE6C2516F903FF4741AFF /* Pods-MyVideoApp.debug.xcconfig */,
				6328C28EED3154D5DF5593B4 /* Pods-MyVideoApp.release.xcconfig */,
			);
			path = Pods;
			sourceTree = "<group>";
		};
		F4B2F95927DB5F5700C58B2E = {
			isa = PBXGroup;
			children = (
				F4B2F96427DB5F5700C58B2E /* MyVideoApp */,
				F4B2F96327DB5F5700C58B2E /* Products */,
				5DFD2DAF1B90DB00476FE631 /* Pods */,
				443BB254F2A71B8AF592D581 /* Frameworks */,
			);
			sourceTree = "<group>";
		};
		F4B2F96327DB5F5700C58B2E /* Products */ = {
			isa = PBXGroup;
			children = (
				F4B2F96227DB5F5700C58B2E /* MyVideoApp.app */,
			);
			name = Products;
			sourceTree = "<group>";
		};
		F4B2F96427DB5F5700C58B2E /* MyVideoApp */ = {
			isa = PBXGroup;
			children = (
				F4B2F98927DB82EC00C58B2E /* DataModels */,
				F4B2F98627DB6C3100C58B2E /* Utils */,
				F4B2F98327DB6B4000C58B2E /* Services */,
				F4B2F98027DB68DE00C58B2E /* ViewModels */,
				F4B2F97D27DB685800C58B2E /* ViewControllers */,
				F4B2F97C27DB684A00C58B2E /* Views */,
				F4B2F96527DB5F5700C58B2E /* AppDelegate.swift */,
				F4B2F96727DB5F5700C58B2E /* SceneDelegate.swift */,
				F4B2F97127DB5F5900C58B2E /* Assets.xcassets */,
				F4B2F97327DB5F5900C58B2E /* LaunchScreen.storyboard */,
				F4B2F97627DB5F5900C58B2E /* Info.plist */,
				F4B2F96E27DB5F5700C58B2E /* MyVideoApp.xcdatamodeld */,
			);
			path = MyVideoApp;
			sourceTree = "<group>";
		};
		F4B2F97C27DB684A00C58B2E /* Views */ = {
			isa = PBXGroup;
			children = (
				F4B2F96B27DB5F5700C58B2E /* Main.storyboard */,
			);
			path = Views;
			sourceTree = "<group>";
		};
		F4B2F97D27DB685800C58B2E /* ViewControllers */ = {
			isa = PBXGroup;
			children = (
				F4B2F96927DB5F5700C58B2E /* ViewController.swift */,
				F4B2F97E27DB68AB00C58B2E /* HomeViewController.swift */,
			);
			path = ViewControllers;
			sourceTree = "<group>";
		};
		F4B2F98027DB68DE00C58B2E /* ViewModels */ = {
			isa = PBXGroup;
			children = (
				F4B2F98127DB690C00C58B2E /* HomeViewModel.swift */,
			);
			path = ViewModels;
			sourceTree = "<group>";
		};
		F4B2F98327DB6B4000C58B2E /* Services */ = {
			isa = PBXGroup;
			children = (
				F4B2F98427DB6B5D00C58B2E /* MoviesServicesImpl.swift */,
			);
			path = Services;
			sourceTree = "<group>";
		};
		F4B2F98627DB6C3100C58B2E /* Utils */ = {
			isa = PBXGroup;
			children = (
				F4B2F98727DB6C4700C58B2E /* UIApplicationDelegate+Loading.swift */,
			);
			path = Utils;
			sourceTree = "<group>";
		};
		F4B2F98927DB82EC00C58B2E /* DataModels */ = {
			isa = PBXGroup;
			children = (
				F4B2F98A27DB830300C58B2E /* MovieDataModel.swift */,
				F4C0D01027DBA415004E7FAE /* MovieResponseDataModel.swift */,
			);
			path = DataModels;
			sourceTree = "<group>";
		};
/* End PBXGroup section */

/* Begin PBXNativeTarget section */
		F4B2F96127DB5F5700C58B2E /* MyVideoApp */ = {
			isa = PBXNativeTarget;
			buildConfigurationList = F4B2F97927DB5F5900C58B2E /* Build configuration list for PBXNativeTarget "MyVideoApp" */;
			buildPhases = (
				C39A2EA2AD4126F999E15993 /* [CP] Check Pods Manifest.lock */,
				F4B2F95E27DB5F5700C58B2E /* Sources */,
				F4B2F95F27DB5F5700C58B2E /* Frameworks */,
				F4B2F96027DB5F5700C58B2E /* Resources */,
				52E423E342EFFFE92E345AB7 /* [CP] Embed Pods Frameworks */,
			);
			buildRules = (
			);
			dependencies = (
			);
			name = MyVideoApp;
			productName = MyVideoApp;
			productReference = F4B2F96227DB5F5700C58B2E /* MyVideoApp.app */;
			productType = "com.apple.product-type.application";
		};
/* End PBXNativeTarget section */

/* Begin PBXProject section */
		F4B2F95A27DB5F5700C58B2E /* Project object */ = {
			isa = PBXProject;
			attributes = {
				BuildIndependentTargetsInParallel = 1;
				LastSwiftUpdateCheck = 1320;
				LastUpgradeCheck = 1320;
				TargetAttributes = {
					F4B2F96127DB5F5700C58B2E = {
						CreatedOnToolsVersion = 13.2.1;
					};
				};
			};
			buildConfigurationList = F4B2F95D27DB5F5700C58B2E /* Build configuration list for PBXProject "MyVideoApp" */;
			compatibilityVersion = "Xcode 13.0";
			developmentRegion = en;
			hasScannedForEncodings = 0;
			knownRegions = (
				en,
				Base,
			);
			mainGroup = F4B2F95927DB5F5700C58B2E;
			productRefGroup = F4B2F96327DB5F5700C58B2E /* Products */;
			projectDirPath = "";
			projectRoot = "";
			targets = (
				F4B2F96127DB5F5700C58B2E /* MyVideoApp */,
			);
		};
/* End PBXProject section */

/* Begin PBXResourcesBuildPhase section */
		F4B2F96027DB5F5700C58B2E /* Resources */ = {
			isa = PBXResourcesBuildPhase;
			buildActionMask = 2147483647;
			files = (
				F4B2F97527DB5F5900C58B2E /* LaunchScreen.storyboard in Resources */,
				F4B2F97227DB5F5900C58B2E /* Assets.xcassets in Resources */,
				F4B2F96D27DB5F5700C58B2E /* Main.storyboard in Resources */,
			);
			runOnlyForDeploymentPostprocessing = 0;
		};
/* End PBXResourcesBuildPhase section */

/* Begin PBXShellScriptBuildPhase section */
		52E423E342EFFFE92E345AB7 /* [CP] Embed Pods Frameworks */ = {
			isa = PBXShellScriptBuildPhase;
			buildActionMask = 2147483647;
			files = (
			);
			inputFileListPaths = (
				"${PODS_ROOT}/Target Support Files/Pods-MyVideoApp/Pods-MyVideoApp-frameworks-${CONFIGURATION}-input-files.xcfilelist",
			);
			name = "[CP] Embed Pods Frameworks";
			outputFileListPaths = (
				"${PODS_ROOT}/Target Support Files/Pods-MyVideoApp/Pods-MyVideoApp-frameworks-${CONFIGURATION}-output-files.xcfilelist",
			);
			runOnlyForDeploymentPostprocessing = 0;
			shellPath = /bin/sh;
			shellScript = "\"${PODS_ROOT}/Target Support Files/Pods-MyVideoApp/Pods-MyVideoApp-frameworks.sh\"\n";
			showEnvVarsInLog = 0;
		};
		C39A2EA2AD4126F999E15993 /* [CP] Check Pods Manifest.lock */ = {
			isa = PBXShellScriptBuildPhase;
			buildActionMask = 2147483647;
			files = (
			);
			inputFileListPaths = (
			);
			inputPaths = (
				"${PODS_PODFILE_DIR_PATH}/Podfile.lock",
				"${PODS_ROOT}/Manifest.lock",
			);
			name = "[CP] Check Pods Manifest.lock";
			outputFileListPaths = (
			);
			outputPaths = (
				"$(DERIVED_FILE_DIR)/Pods-MyVideoApp-checkManifestLockResult.txt",
			);
			runOnlyForDeploymentPostprocessing = 0;
			shellPath = /bin/sh;
			shellScript = "diff \"${PODS_PODFILE_DIR_PATH}/Podfile.lock\" \"${PODS_ROOT}/Manifest.lock\" > /dev/null\nif [ $? != 0 ] ; then\n    # print error to STDERR\n    echo \"error: The sandbox is not in sync with the Podfile.lock. Run 'pod install' or update your CocoaPods installation.\" >&2\n    exit 1\nfi\n# This output is used by Xcode 'outputs' to avoid re-running this script phase.\necho \"SUCCESS\" > \"${SCRIPT_OUTPUT_FILE_0}\"\n";
			showEnvVarsInLog = 0;
		};
/* End PBXShellScriptBuildPhase section */

/* Begin PBXSourcesBuildPhase section */
		F4B2F95E27DB5F5700C58B2E /* Sources */ = {
			isa = PBXSourcesBuildPhase;
			buildActionMask = 2147483647;
			files = (
				F4B2F97F27DB68AB00C58B2E /* HomeViewController.swift in Sources */,
				F4B2F98227DB690C00C58B2E /* HomeViewModel.swift in Sources */,
				F4B2F96A27DB5F5700C58B2E /* ViewController.swift in Sources */,
				F4B2F97027DB5F5700C58B2E /* MyVideoApp.xcdatamodeld in Sources */,
				F4B2F98B27DB830300C58B2E /* MovieDataModel.swift in Sources */,
				F4B2F98827DB6C4700C58B2E /* UIApplicationDelegate+Loading.swift in Sources */,
				F4B2F96627DB5F5700C58B2E /* AppDelegate.swift in Sources */,
				F4B2F96827DB5F5700C58B2E /* SceneDelegate.swift in Sources */,
				F4B2F98527DB6B5D00C58B2E /* MoviesServicesImpl.swift in Sources */,
				F4C0D01127DBA415004E7FAE /* MovieResponseDataModel.swift in Sources */,
			);
			runOnlyForDeploymentPostprocessing = 0;
		};
/* End PBXSourcesBuildPhase section */

/* Begin PBXVariantGroup section */
		F4B2F96B27DB5F5700C58B2E /* Main.storyboard */ = {
			isa = PBXVariantGroup;
			children = (
				F4B2F96C27DB5F5700C58B2E /* Base */,
			);
			name = Main.storyboard;
			sourceTree = "<group>";
		};
		F4B2F97327DB5F5900C58B2E /* LaunchScreen.storyboard */ = {
			isa = PBXVariantGroup;
			children = (
				F4B2F97427DB5F5900C58B2E /* Base */,
			);
			name = LaunchScreen.storyboard;
			sourceTree = "<group>";
		};
/* End PBXVariantGroup section */

/* Begin XCBuildConfiguration section */
		F4B2F97727DB5F5900C58B2E /* Debug */ = {
			isa = XCBuildConfiguration;
			buildSettings = {
				ALWAYS_SEARCH_USER_PATHS = NO;
				CLANG_ANALYZER_NONNULL = YES;
				CLANG_ANALYZER_NUMBER_OBJECT_CONVERSION = YES_AGGRESSIVE;
				CLANG_CXX_LANGUAGE_STANDARD = "gnu++17";
				CLANG_CXX_LIBRARY = "libc++";
				CLANG_ENABLE_MODULES = YES;
				CLANG_ENABLE_OBJC_ARC = YES;
				CLANG_ENABLE_OBJC_WEAK = YES;
				CLANG_WARN_BLOCK_CAPTURE_AUTORELEASING = YES;
				CLANG_WARN_BOOL_CONVERSION = YES;
				CLANG_WARN_COMMA = YES;
				CLANG_WARN_CONSTANT_CONVERSION = YES;
				CLANG_WARN_DEPRECATED_OBJC_IMPLEMENTATIONS = YES;
				CLANG_WARN_DIRECT_OBJC_ISA_USAGE = YES_ERROR;
				CLANG_WARN_DOCUMENTATION_COMMENTS = YES;
				CLANG_WARN_EMPTY_BODY = YES;
				CLANG_WARN_ENUM_CONVERSION = YES;
				CLANG_WARN_INFINITE_RECURSION = YES;
				CLANG_WARN_INT_CONVERSION = YES;
				CLANG_WARN_NON_LITERAL_NULL_CONVERSION = YES;
				CLANG_WARN_OBJC_IMPLICIT_RETAIN_SELF = YES;
				CLANG_WARN_OBJC_LITERAL_CONVERSION = YES;
				CLANG_WARN_OBJC_ROOT_CLASS = YES_ERROR;
				CLANG_WARN_QUOTED_INCLUDE_IN_FRAMEWORK_HEADER = YES;
				CLANG_WARN_RANGE_LOOP_ANALYSIS = YES;
				CLANG_WARN_STRICT_PROTOTYPES = YES;
				CLANG_WARN_SUSPICIOUS_MOVE = YES;
				CLANG_WARN_UNGUARDED_AVAILABILITY = YES_AGGRESSIVE;
				CLANG_WARN_UNREACHABLE_CODE = YES;
				CLANG_WARN__DUPLICATE_METHOD_MATCH = YES;
				COPY_PHASE_STRIP = NO;
				DEBUG_INFORMATION_FORMAT = dwarf;
				ENABLE_STRICT_OBJC_MSGSEND = YES;
				ENABLE_TESTABILITY = YES;
				GCC_C_LANGUAGE_STANDARD = gnu11;
				GCC_DYNAMIC_NO_PIC = NO;
				GCC_NO_COMMON_BLOCKS = YES;
				GCC_OPTIMIZATION_LEVEL = 0;
				GCC_PREPROCESSOR_DEFINITIONS = (
					"DEBUG=1",
					"$(inherited)",
				);
				GCC_WARN_64_TO_32_BIT_CONVERSION = YES;
				GCC_WARN_ABOUT_RETURN_TYPE = YES_ERROR;
				GCC_WARN_UNDECLARED_SELECTOR = YES;
				GCC_WARN_UNINITIALIZED_AUTOS = YES_AGGRESSIVE;
				GCC_WARN_UNUSED_FUNCTION = YES;
				GCC_WARN_UNUSED_VARIABLE = YES;
				IPHONEOS_DEPLOYMENT_TARGET = 15.2;
				MTL_ENABLE_DEBUG_INFO = INCLUDE_SOURCE;
				MTL_FAST_MATH = YES;
				ONLY_ACTIVE_ARCH = YES;
				SDKROOT = iphoneos;
				SWIFT_ACTIVE_COMPILATION_CONDITIONS = DEBUG;
				SWIFT_OPTIMIZATION_LEVEL = "-Onone";
			};
			name = Debug;
		};
		F4B2F97827DB5F5900C58B2E /* Release */ = {
			isa = XCBuildConfiguration;
			buildSettings = {
				ALWAYS_SEARCH_USER_PATHS = NO;
				CLANG_ANALYZER_NONNULL = YES;
				CLANG_ANALYZER_NUMBER_OBJECT_CONVERSION = YES_AGGRESSIVE;
				CLANG_CXX_LANGUAGE_STANDARD = "gnu++17";
				CLANG_CXX_LIBRARY = "libc++";
				CLANG_ENABLE_MODULES = YES;
				CLANG_ENABLE_OBJC_ARC = YES;
				CLANG_ENABLE_OBJC_WEAK = YES;
				CLANG_WARN_BLOCK_CAPTURE_AUTORELEASING = YES;
				CLANG_WARN_BOOL_CONVERSION = YES;
				CLANG_WARN_COMMA = YES;
				CLANG_WARN_CONSTANT_CONVERSION = YES;
				CLANG_WARN_DEPRECATED_OBJC_IMPLEMENTATIONS = YES;
				CLANG_WARN_DIRECT_OBJC_ISA_USAGE = YES_ERROR;
				CLANG_WARN_DOCUMENTATION_COMMENTS = YES;
				CLANG_WARN_EMPTY_BODY = YES;
				CLANG_WARN_ENUM_CONVERSION = YES;
				CLANG_WARN_INFINITE_RECURSION = YES;
				CLANG_WARN_INT_CONVERSION = YES;
				CLANG_WARN_NON_LITERAL_NULL_CONVERSION = YES;
				CLANG_WARN_OBJC_IMPLICIT_RETAIN_SELF = YES;
				CLANG_WARN_OBJC_LITERAL_CONVERSION = YES;
				CLANG_WARN_OBJC_ROOT_CLASS = YES_ERROR;
				CLANG_WARN_QUOTED_INCLUDE_IN_FRAMEWORK_HEADER = YES;
				CLANG_WARN_RANGE_LOOP_ANALYSIS = YES;
				CLANG_WARN_STRICT_PROTOTYPES = YES;
				CLANG_WARN_SUSPICIOUS_MOVE = YES;
				CLANG_WARN_UNGUARDED_AVAILABILITY = YES_AGGRESSIVE;
				CLANG_WARN_UNREACHABLE_CODE = YES;
				CLANG_WARN__DUPLICATE_METHOD_MATCH = YES;
				COPY_PHASE_STRIP = NO;
				DEBUG_INFORMATION_FORMAT = "dwarf-with-dsym";
				ENABLE_NS_ASSERTIONS = NO;
				ENABLE_STRICT_OBJC_MSGSEND = YES;
				GCC_C_LANGUAGE_STANDARD = gnu11;
				GCC_NO_COMMON_BLOCKS = YES;
				GCC_WARN_64_TO_32_BIT_CONVERSION = YES;
				GCC_WARN_ABOUT_RETURN_TYPE = YES_ERROR;
				GCC_WARN_UNDECLARED_SELECTOR = YES;
				GCC_WARN_UNINITIALIZED_AUTOS = YES_AGGRESSIVE;
				GCC_WARN_UNUSED_FUNCTION = YES;
				GCC_WARN_UNUSED_VARIABLE = YES;
				IPHONEOS_DEPLOYMENT_TARGET = 15.2;
				MTL_ENABLE_DEBUG_INFO = NO;
				MTL_FAST_MATH = YES;
				SDKROOT = iphoneos;
				SWIFT_COMPILATION_MODE = wholemodule;
				SWIFT_OPTIMIZATION_LEVEL = "-O";
				VALIDATE_PRODUCT = YES;
			};
			name = Release;
		};
		F4B2F97A27DB5F5900C58B2E /* Debug */ = {
			isa = XCBuildConfiguration;
			baseConfigurationReference = 750EE6C2516F903FF4741AFF /* Pods-MyVideoApp.debug.xcconfig */;
			buildSettings = {
				ASSETCATALOG_COMPILER_APPICON_NAME = AppIcon;
				ASSETCATALOG_COMPILER_GLOBAL_ACCENT_COLOR_NAME = AccentColor;
				CODE_SIGN_STYLE = Automatic;
				CURRENT_PROJECT_VERSION = 1;
				DEVELOPMENT_TEAM = F2342H2WL3;
				GENERATE_INFOPLIST_FILE = YES;
				INFOPLIST_FILE = MyVideoApp/Info.plist;
				INFOPLIST_KEY_UIApplicationSupportsIndirectInputEvents = YES;
				INFOPLIST_KEY_UILaunchStoryboardName = LaunchScreen;
				INFOPLIST_KEY_UIMainStoryboardFile = Main;
				INFOPLIST_KEY_UISupportedInterfaceOrientations_iPad = "UIInterfaceOrientationPortrait UIInterfaceOrientationPortraitUpsideDown UIInterfaceOrientationLandscapeLeft UIInterfaceOrientationLandscapeRight";
				INFOPLIST_KEY_UISupportedInterfaceOrientations_iPhone = "UIInterfaceOrientationPortrait UIInterfaceOrientationLandscapeLeft UIInterfaceOrientationLandscapeRight";
				LD_RUNPATH_SEARCH_PATHS = (
					"$(inherited)",
					"@executable_path/Frameworks",
				);
				MARKETING_VERSION = 1.0;
				PRODUCT_BUNDLE_IDENTIFIER = com.corralGorris.MyVideoApp;
				PRODUCT_NAME = "$(TARGET_NAME)";
				SWIFT_EMIT_LOC_STRINGS = YES;
				SWIFT_VERSION = 5.0;
				TARGETED_DEVICE_FAMILY = "1,2";
			};
			name = Debug;
		};
		F4B2F97B27DB5F5900C58B2E /* Release */ = {
			isa = XCBuildConfiguration;
			baseConfigurationReference = 6328C28EED3154D5DF5593B4 /* Pods-MyVideoApp.release.xcconfig */;
			buildSettings = {
				ASSETCATALOG_COMPILER_APPICON_NAME = AppIcon;
				ASSETCATALOG_COMPILER_GLOBAL_ACCENT_COLOR_NAME = AccentColor;
				CODE_SIGN_STYLE = Automatic;
				CURRENT_PROJECT_VERSION = 1;
				DEVELOPMENT_TEAM = F2342H2WL3;
				GENERATE_INFOPLIST_FILE = YES;
				INFOPLIST_FILE = MyVideoApp/Info.plist;
				INFOPLIST_KEY_UIApplicationSupportsIndirectInputEvents = YES;
				INFOPLIST_KEY_UILaunchStoryboardName = LaunchScreen;
				INFOPLIST_KEY_UIMainStoryboardFile = Main;
				INFOPLIST_KEY_UISupportedInterfaceOrientations_iPad = "UIInterfaceOrientationPortrait UIInterfaceOrientationPortraitUpsideDown UIInterfaceOrientationLandscapeLeft UIInterfaceOrientationLandscapeRight";
				INFOPLIST_KEY_UISupportedInterfaceOrientations_iPhone = "UIInterfaceOrientationPortrait UIInterfaceOrientationLandscapeLeft UIInterfaceOrientationLandscapeRight";
				LD_RUNPATH_SEARCH_PATHS = (
					"$(inherited)",
					"@executable_path/Frameworks",
				);
				MARKETING_VERSION = 1.0;
				PRODUCT_BUNDLE_IDENTIFIER = com.corralGorris.MyVideoApp;
				PRODUCT_NAME = "$(TARGET_NAME)";
				SWIFT_EMIT_LOC_STRINGS = YES;
				SWIFT_VERSION = 5.0;
				TARGETED_DEVICE_FAMILY = "1,2";
			};
			name = Release;
		};
/* End XCBuildConfiguration section */

/* Begin XCConfigurationList section */
		F4B2F95D27DB5F5700C58B2E /* Build configuration list for PBXProject "MyVideoApp" */ = {
			isa = XCConfigurationList;
			buildConfigurations = (
				F4B2F97727DB5F5900C58B2E /* Debug */,
				F4B2F97827DB5F5900C58B2E /* Release */,
			);
			defaultConfigurationIsVisible = 0;
			defaultConfigurationName = Release;
		};
		F4B2F97927DB5F5900C58B2E /* Build configuration list for PBXNativeTarget "MyVideoApp" */ = {
			isa = XCConfigurationList;
			buildConfigurations = (
				F4B2F97A27DB5F5900C58B2E /* Debug */,
				F4B2F97B27DB5F5900C58B2E /* Release */,
			);
			defaultConfigurationIsVisible = 0;
			defaultConfigurationName = Release;
		};
/* End XCConfigurationList section */

/* Begin XCVersionGroup section */
		F4B2F96E27DB5F5700C58B2E /* MyVideoApp.xcdatamodeld */ = {
			isa = XCVersionGroup;
			children = (
				F4B2F96F27DB5F5700C58B2E /* MyVideoApp.xcdatamodel */,
			);
			currentVersion = F4B2F96F27DB5F5700C58B2E /* MyVideoApp.xcdatamodel */;
			path = MyVideoApp.xcdatamodeld;
			sourceTree = "<group>";
			versionGroupType = wrapper.xcdatamodel;
		};
/* End XCVersionGroup section */
	};
	rootObject = F4B2F95A27DB5F5700C58B2E /* Project object */;
}
